
Microsoft Visual Studio Solution File, Format Version 12.00
# Visual Studio Version 16
VisualStudioVersion = 16.0.31729.503
MinimumVisualStudioVersion = 10.0.40219.1
Project("{FAE04EC0-301F-11D3-BF4B-00C04F79EFBC}") = "backend_projetoairsoft", "backend_projetoairsoft.csproj", "{2BA822C7-58DF-4662-80DC-7EA193B9A9F4}"
EndProject
Global
	GlobalSection(SolutionConfigurationPlatforms) = preSolution
		Debug|Any CPU = Debug|Any CPU
		Release|Any CPU = Release|Any CPU
	EndGlobalSection
	GlobalSection(ProjectConfigurationPlatforms) = postSolution
		{2BA822C7-58DF-4662-80DC-7EA193B9A9F4}.Debug|Any CPU.ActiveCfg = Debug|Any CPU
		{2BA822C7-58DF-4662-80DC-7EA193B9A9F4}.Debug|Any CPU.Build.0 = Debug|Any CPU
		{2BA822C7-58DF-4662-80DC-7EA193B9A9F4}.Release|Any CPU.ActiveCfg = Release|Any CPU
		{2BA822C7-58DF-4662-80DC-7EA193B9A9F4}.Release|Any CPU.Build.0 = Release|Any CPU
	EndGlobalSection
	GlobalSection(SolutionProperties) = preSolution
		HideSolutionNode = FALSE
	EndGlobalSection
	GlobalSection(ExtensibilityGlobals) = postSolution
		SolutionGuid = {376ED83A-8E1A-45C7-B15C-8EE16056BCED}
	EndGlobalSection
EndGlobal
